{
  "nodes": {
    "darwin": {
      "inputs": {
        "nixpkgs": [
          "nixpkgs"
        ]
      },
      "locked": {
        "lastModified": 1784500460,
        "narHash": "sha256-UvORnAxTRHax7RG74W8Z2t4GvIkX6AjJ5kk0QlwZomo=",
        "owner": "LnL7",
        "repo": "nix-darwin",
        "rev": "57a3171f94705599a2499248ca5758d5eb47c0e0",
        "type": "github"
      },
      "original": {
        "owner": "LnL7",
        "repo": "nix-darwin",
        "type": "github"
      }
    },
    "home-manager": {
      "inputs": {
        "nixpkgs": [
          "nixpkgs"
        ]
      },
      "locked": {
        "lastModified": 1785261905,
        "narHash": "sha256-SnFtgFiAhlwOlaEuFZoVYjOxqfYoiLtHJoFGuyEgHUE=",
        "owner": "nix-community",
        "repo": "home-manager",
        "rev": "10174c0fe02099dbdee2bf918f1a92659fc9217f",
        "type": "github"
      },
      "original": {
        "owner": "nix-community",
        "repo": "home-manager",
        "type": "github"
      }
    },
    "nixpkgs": {
      "locked": {
        "lastModified": 1785141334,
        "narHash": "sha256-kh35kIx7el4Jk8Ki3BH9/Pn1eZYSYLJ6LMALos0zOy0=",
        "owner": "NixOS",
        "repo": "nixpkgs",
        "rev": "38a4887411571457d700c51c64a6e49ead2ed5ab",
        "type": "github"
      },
      "original": {
        "owner": "NixOS",
        "ref": "nixpkgs-unstable",
        "repo": "nixpkgs",
        "type": "github"
      }
    },
    "nixpkgs-ghdash": {
      "locked": {
        "lastModified": 1773338782,
        "narHash": "sha256-EX1pcOlto9jCmyL204snfndXPU3Uxg5jFMRsN/ZuNQE=",
        "owner": "NixOS",
        "repo": "nixpkgs",
        "rev": "c92a446a730ce740234237702d38c6bdeb776c3b",
        "type": "github"
      },
      "original": {
        "owner": "NixOS",
        "ref": "c92a446a730c",
        "repo": "nixpkgs",
        "type": "github"
      }
    },
    "root": {
      "inputs": {
        "darwin": "darwin",
        "home-manager": "home-manager",
        "nixpkgs": "nixpkgs",
        "nixpkgs-ghdash": "nixpkgs-ghdash"
      }
    }
  },
  "root": "root",
  "version": 7
}
